%{
  "bbmustache": {:hex, :bbmustache, "1.12.2", "0cabdce0db9fe6d3318131174b9f2b351328a4c0afbeb3e6e99bb0e02e9b621d", [:rebar3], [], "hexpm", "688b33a4d5cc2d51f575adf0b3683fc40a38314a2f150906edcfc77f5b577b3b"},
  "certifi": {:hex, :certifi, "2.12.0", "2d1cca2ec95f59643862af91f001478c9863c2ac9cb6e2f89780bfd8de987329", [:rebar3], [], "hexpm", "ee68d85df22e554040cdb4be100f33873ac6051387baf6a8f6ce82272340ff1c"},
  "earmark_parser": {:hex, :earmark_parser, "1.4.39", "424642f8335b05bb9eb611aa1564c148a8ee35c9c8a8bba6e129d51a3e3c6769", [:mix], [], "hexpm", "06553a88d1f1846da9ef066b87b57c6f605552cfbe40d20bd8d59cc6bde41944"},
  "edifa": {:hex, :edifa, "1.0.0", "0f1a01a0c79b7135f334b3fceeb624f0574c5ed3e4554b06c8664aada6a339c8", [:rebar3], [{:erlexec, "~> 2.0.7", [hex: :erlexec, repo: "hexpm", optional: false]}], "hexpm", "a1e010561e7d236a24c668d95626be2bfe082ed0331ce1e6798be0cd43f59a7b"},
  "erlexec": {:hex, :erlexec, "2.0.7", "76d0bc7487929741b5bb9f74da2af5daf1492134733cf9a05c7aaa278b6934c5", [:rebar3], [], "hexpm", "af2dd940bb8e32f5aa40a65cb455dcaa18f5334fd3507e9bfd14a021e9630897"},
  "ex_doc": {:hex, :ex_doc, "0.31.2", "8b06d0a5ac69e1a54df35519c951f1f44a7b7ca9a5bb7a260cd8a174d6322ece", [:mix], [{:earmark_parser, "~> 1.4.39", [hex: :earmark_parser, repo: "hexpm", optional: false]}, {:makeup_c, ">= 0.1.1", [hex: :makeup_c, repo: "hexpm", optional: true]}, {:makeup_elixir, "~> 0.14", [hex: :makeup_elixir, repo: "hexpm", optional: false]}, {:makeup_erlang, "~> 0.1", [hex: :makeup_erlang, repo: "hexpm", optional: false]}], "hexpm", "317346c14febaba9ca40fd97b5b5919f7751fb85d399cc8e7e8872049f37e0af"},
  "grisp_tools": {:hex, :grisp_tools, "2.7.0", "2fe6f2cddb18d7d207caaaf2adedbe0d2533163469d27ddfc5b9af05f5e41167", [:rebar3], [{:bbmustache, "~> 1.12.2", [hex: :bbmustache, repo: "hexpm", optional: false]}, {:edifa, "~> 1.0.0", [hex: :edifa, repo: "hexpm", optional: false]}, {:grisp_update_packager, "~> 1.0.0", [hex: :grisp_update_packager, repo: "hexpm", optional: false]}, {:hackney, "~> 1.20.1", [hex: :hackney, repo: "hexpm", optional: false]}, {:mapz, "~> 2.2", [hex: :mapz, repo: "hexpm", optional: false]}], "hexpm", "7b40d67bf53b950c323e92dc8860252052d776a527fc2f4cc9dbeddf0cffe949"},
  "grisp_update_packager": {:hex, :grisp_update_packager, "1.0.0", "0532ccd0955398fac4e1de90fe85db941ca609a2f4e066cffe01ece41dcce119", [:rebar3], [{:termseal, "~> 0.1.1", [hex: :termseal, repo: "hexpm", optional: false]}, {:uuid, "~> 2.0.4", [hex: :uuid_erl, repo: "hexpm", optional: false]}], "hexpm", "47bfdf6fadbed4b8342205a812198cf913e0223a98a775caae5d2fb5d5cf751c"},
  "hackney": {:hex, :hackney, "1.20.1", "8d97aec62ddddd757d128bfd1df6c5861093419f8f7a4223823537bad5d064e2", [:rebar3], [{:certifi, "~> 2.12.0", [hex: :certifi, repo: "hexpm", optional: false]}, {:idna, "~> 6.1.0", [hex: :idna, repo: "hexpm", optional: false]}, {:metrics, "~> 1.0.0", [hex: :metrics, repo: "hexpm", optional: false]}, {:mimerl, "~> 1.1", [hex: :mimerl, repo: "hexpm", optional: false]}, {:parse_trans, "3.4.1", [hex: :parse_trans, repo: "hexpm", optional: false]}, {:ssl_verify_fun, "~> 1.1.0", [hex: :ssl_verify_fun, repo: "hexpm", optional: false]}, {:unicode_util_compat, "~> 0.7.0", [hex: :unicode_util_compat, repo: "hexpm", optional: false]}], "hexpm", "fe9094e5f1a2a2c0a7d10918fee36bfec0ec2a979994cff8cfe8058cd9af38e3"},
  "idna": {:hex, :idna, "6.1.1", "8a63070e9f7d0c62eb9d9fcb360a7de382448200fbbd1b106cc96d3d8099df8d", [:rebar3], [{:unicode_util_compat, "~> 0.7.0", [hex: :unicode_util_compat, repo: "hexpm", optional: false]}], "hexpm", "92376eb7894412ed19ac475e4a86f7b413c1b9fbb5bd16dccd57934157944cea"},
  "makeup": {:hex, :makeup, "1.1.1", "fa0bc768698053b2b3869fa8a62616501ff9d11a562f3ce39580d60860c3a55e", [:mix], [{:nimble_parsec, "~> 1.2.2 or ~> 1.3", [hex: :nimble_parsec, repo: "hexpm", optional: false]}], "hexpm", "5dc62fbdd0de44de194898b6710692490be74baa02d9d108bc29f007783b0b48"},
  "makeup_elixir": {:hex, :makeup_elixir, "0.16.2", "627e84b8e8bf22e60a2579dad15067c755531fea049ae26ef1020cad58fe9578", [:mix], [{:makeup, "~> 1.0", [hex: :makeup, repo: "hexpm", optional: false]}, {:nimble_parsec, "~> 1.2.3 or ~> 1.3", [hex: :nimble_parsec, repo: "hexpm", optional: false]}], "hexpm", "41193978704763f6bbe6cc2758b84909e62984c7752b3784bd3c218bb341706b"},
  "makeup_erlang": {:hex, :makeup_erlang, "0.1.5", "e0ff5a7c708dda34311f7522a8758e23bfcd7d8d8068dc312b5eb41c6fd76eba", [:mix], [{:makeup, "~> 1.0", [hex: :makeup, repo: "hexpm", optional: false]}], "hexpm", "94d2e986428585a21516d7d7149781480013c56e30c6a233534bedf38867a59a"},
  "mapz": {:hex, :mapz, "2.4.0", "77a8e38b69bab16c5d3ebd44e6c619f8af1f1598b0caae301d266605a0865756", [:rebar3], [], "hexpm", "4b68df5cf0522e0d6545df7b681bc052865cdb78405ad4cc9c55fe45ee7b25be"},
  "metrics": {:hex, :metrics, "1.0.1", "25f094dea2cda98213cecc3aeff09e940299d950904393b2a29d191c346a8486", [:rebar3], [], "hexpm", "69b09adddc4f74a40716ae54d140f93beb0fb8978d8636eaded0c31b6f099f16"},
  "mimerl": {:hex, :mimerl, "1.3.0", "d0cd9fc04b9061f82490f6581e0128379830e78535e017f7780f37fea7545726", [:rebar3], [], "hexpm", "a1e15a50d1887217de95f0b9b0793e32853f7c258a5cd227650889b38839fe9d"},
  "nimble_parsec": {:hex, :nimble_parsec, "1.4.0", "51f9b613ea62cfa97b25ccc2c1b4216e81df970acd8e16e8d1bdc58fef21370d", [:mix], [], "hexpm", "9c565862810fb383e9838c1dd2d7d2c437b3d13b267414ba6af33e50d2d1cf28"},
  "parse_trans": {:hex, :parse_trans, "3.4.1", "6e6aa8167cb44cc8f39441d05193be6e6f4e7c2946cb2759f015f8c56b76e5ff", [:rebar3], [], "hexpm", "620a406ce75dada827b82e453c19cf06776be266f5a67cff34e1ef2cbb60e49a"},
  "quickrand": {:hex, :quickrand, "2.0.7", "d2bd76676a446e6a058d678444b7fda1387b813710d1af6d6e29bb92186c8820", [:rebar3], [], "hexpm", "b8acbf89a224bc217c3070ca8bebc6eb236dbe7f9767993b274084ea044d35f0"},
  "ssl_verify_fun": {:hex, :ssl_verify_fun, "1.1.7", "354c321cf377240c7b8716899e182ce4890c5938111a1296add3ec74cf1715df", [:make, :mix, :rebar3], [], "hexpm", "fe4c190e8f37401d30167c8c405eda19469f34577987c76dde613e838bbc67f8"},
  "termseal": {:hex, :termseal, "0.1.1", "c9d93d4ff638ee99f9377d3438fc7ad132d2901ebbaf10c54f8dea1d7e24d61c", [:rebar3], [], "hexpm", "466280936214af1894fc431642e83341b7d13580a3f3485820a2d300c5caeb49"},
  "unicode_util_compat": {:hex, :unicode_util_compat, "0.7.0", "bc84380c9ab48177092f43ac89e4dfa2c6d62b40b8bd132b1059ecc7232f9a78", [:rebar3], [], "hexpm", "25eee6d67df61960cf6a794239566599b09e17e668d3700247bc498638152521"},
  "uuid": {:hex, :uuid_erl, "2.0.7", "b2078d2cc814f53afa52d36c91e08962c7e7373585c623f4c0ea6dfb04b2af94", [:rebar3], [{:quickrand, ">= 2.0.7", [hex: :quickrand, repo: "hexpm", optional: false]}], "hexpm", "4e4c5ca3461dc47c5e157ed42aa3981a053b7a186792af972a27b14a9489324e"},
}
