%{
  "bbmustache": {:hex, :bbmustache, "1.12.2", "0cabdce0db9fe6d3318131174b9f2b351328a4c0afbeb3e6e99bb0e02e9b621d", [:rebar3], [], "hexpm", "688b33a4d5cc2d51f575adf0b3683fc40a38314a2f150906edcfc77f5b577b3b"},
  "certifi": {:hex, :certifi, "2.17.0", "835748414307e15e05b17d0e518190228ce648b08d569a5cc93a85a40f3e5c9b", [:rebar3], [], "hexpm", "8122798a17f0293c80daada25d0f81c7f4d708c73fef782c7c9b1950e26e4d21"},
  "earmark_parser": {:hex, :earmark_parser, "1.4.46", "67607a0532e810c6f630a515c548d0b24949643f168cc556303bee4cf96105c7", [:mix], [], "hexpm", "9c44636e8a1c68c62f526b2dcd85d941dbbcee7ab82cf64ba06ce28bef8e89f5"},
  "edifa": {:hex, :edifa, "1.0.0", "0f1a01a0c79b7135f334b3fceeb624f0574c5ed3e4554b06c8664aada6a339c8", [:rebar3], [{:erlexec, "~> 2.0.7", [hex: :erlexec, repo: "hexpm", optional: false]}], "hexpm", "a1e010561e7d236a24c668d95626be2bfe082ed0331ce1e6798be0cd43f59a7b"},
  "erlexec": {:hex, :erlexec, "2.0.8", "301184cdcc83d51fd6aa4ee5f9c23dc96930d68501100bcd580d950f40169a5e", [:rebar3], [], "hexpm", "cdc02ccf88d8845f8887fa18a19bc9349cfcd3c9b4fd98a45f738ac710b57bc4"},
  "ex_doc": {:hex, :ex_doc, "0.40.4", "66f2e42bf588594d5a8aab31cad87f2ddad09d0da1b1a2f379340ec2c2e497cb", [:mix], [{:earmark_parser, "~> 1.4.46", [hex: :earmark_parser, repo: "hexpm", optional: false]}, {:makeup_c, ">= 0.1.0", [hex: :makeup_c, repo: "hexpm", optional: true]}, {:makeup_elixir, "~> 0.14 or ~> 1.0", [hex: :makeup_elixir, repo: "hexpm", optional: false]}, {:makeup_erlang, "~> 0.1 or ~> 1.0", [hex: :makeup_erlang, repo: "hexpm", optional: false]}, {:makeup_html, ">= 0.1.0", [hex: :makeup_html, repo: "hexpm", optional: true]}], "hexpm", "6222b9e423d76584ee34df2c82a5ed72c2d53dc153f7f483ad28b378694186cc"},
  "grisp_tools": {:hex, :grisp_tools, "2.11.3", "b68ceca011c06037720d0b5d5f85097e2eab50dad2679d5c9cbb092fa380c98c", [:rebar3], [{:bbmustache, "~> 1.12.2", [hex: :bbmustache, repo: "hexpm", optional: false]}, {:edifa, "~> 1.0.0", [hex: :edifa, repo: "hexpm", optional: false]}, {:grisp_update_packager, "~> 1.0.2", [hex: :grisp_update_packager, repo: "hexpm", optional: false]}, {:hackney, "~> 4.7.4", [hex: :hackney, repo: "hexpm", optional: false]}, {:mapz, "~> 2.2", [hex: :mapz, repo: "hexpm", optional: false]}], "hexpm", "1425413ccb49154b4e99733aa3eed99826616aee588c9ea2cd3fb7ba94bd4d7c"},
  "grisp_update_packager": {:hex, :grisp_update_packager, "1.0.2", "a74922b6602159a6718b1ee13045d3866bff26d6a49c8c7a8eabc5f352e41bb9", [:rebar3], [{:termseal, "~> 0.1.1", [hex: :termseal, repo: "hexpm", optional: false]}, {:uuid, "~> 2.0.4", [hex: :uuid_erl, repo: "hexpm", optional: false]}], "hexpm", "6484c6910c7f4cf235119206a5fefd16ed08be2d3a16e62ec1820a207b4d5b20"},
  "h2": {:hex, :h2, "0.12.0", "f393539ee2728f8118fb2024b6d5f3e2c45e40ceb31b18b4e9bf5e50d028f80f", [:rebar3], [], "hexpm", "beaafc93c54cdc5d623247334d3970cdf4bc66b6b8b296b74ba1d7c7513c3dfc"},
  "hackney": {:hex, :hackney, "4.7.4", "8fe2ddaa3ca27de99d68e682d72b66d07d2331da680f77c8000580a0122c69e6", [:rebar3], [{:certifi, "~> 2.17.0", [hex: :certifi, repo: "hexpm", optional: false]}, {:h2, "~> 0.12.0", [hex: :h2, repo: "hexpm", optional: false]}, {:idna, "~> 7.1.0", [hex: :idna, repo: "hexpm", optional: false]}, {:mimerl, "~> 1.5", [hex: :mimerl, repo: "hexpm", optional: false]}, {:parse_trans, "3.4.2", [hex: :parse_trans, repo: "hexpm", optional: false]}, {:ssl_verify_fun, "~> 1.1.0", [hex: :ssl_verify_fun, repo: "hexpm", optional: false]}, {:webtransport, "~> 0.4.5", [hex: :webtransport, repo: "hexpm", optional: false]}], "hexpm", "d07d7e1358353ab6cc75132f058c155287f3e013d43f709fbb79d79eeab98195"},
  "idna": {:hex, :idna, "7.1.0", "1067a13043538129602d2f2ce6899d8713125c7d19734aa557ce2e3ea55bd4f1", [:rebar3], [], "hexpm", "6ae959a025bf36df61a8cab8508d9654891b5426a84c44d82deaffd6ddf8c71f"},
  "makeup": {:hex, :makeup, "1.2.2", "882d46dc0905e9ff7abf2aab61a7e6b3dcc555533977d8a23b06019e6c89ac94", [:mix], [{:nimble_parsec, "~> 1.4", [hex: :nimble_parsec, repo: "hexpm", optional: false]}], "hexpm", "9a1a24e5b343b8ae16abea0822c10a6f75da27af7fa802ada5251f7579bfccfa"},
  "makeup_elixir": {:hex, :makeup_elixir, "1.0.1", "e928a4f984e795e41e3abd27bfc09f51db16ab8ba1aebdba2b3a575437efafc2", [:mix], [{:makeup, "~> 1.0", [hex: :makeup, repo: "hexpm", optional: false]}, {:nimble_parsec, "~> 1.2.3 or ~> 1.3", [hex: :nimble_parsec, repo: "hexpm", optional: false]}], "hexpm", "7284900d412a3e5cfd97fdaed4f5ed389b8f2b4cb49efc0eb3bd10e2febf9507"},
  "makeup_erlang": {:hex, :makeup_erlang, "1.1.0", "835f7e60792e08824cda445639555d7bf1bbbddb1b60b306e33cb6f6db24dc74", [:mix], [{:makeup, "~> 1.0", [hex: :makeup, repo: "hexpm", optional: false]}], "hexpm", "1cd6780fb1dd1a03979abaed0fe82712b0625118fd5257d3ebbf73f960c73c3c"},
  "mapz": {:hex, :mapz, "2.4.0", "77a8e38b69bab16c5d3ebd44e6c619f8af1f1598b0caae301d266605a0865756", [:rebar3], [], "hexpm", "4b68df5cf0522e0d6545df7b681bc052865cdb78405ad4cc9c55fe45ee7b25be"},
  "metrics": {:hex, :metrics, "1.0.1", "25f094dea2cda98213cecc3aeff09e940299d950904393b2a29d191c346a8486", [:rebar3], [], "hexpm", "69b09adddc4f74a40716ae54d140f93beb0fb8978d8636eaded0c31b6f099f16"},
  "mimerl": {:hex, :mimerl, "1.5.0", "f35aca6f23242339b3666e0ac0702379e362b469d0aea167f6cc713547e777ed", [:rebar3], [], "hexpm", "db648ce065bae14ea84ca8b5dd123f42f49417cef693541110bf6f9e9be9ecc4"},
  "nimble_parsec": {:hex, :nimble_parsec, "1.4.2", "8efba0122db06df95bfaa78f791344a89352ba04baedd3849593bfce4d0dc1c6", [:mix], [], "hexpm", "4b21398942dda052b403bbe1da991ccd03a053668d147d53fb8c4e0efe09c973"},
  "parse_trans": {:hex, :parse_trans, "3.4.2", "c352ddc1a0d5e54f9b1654d45f9c432eef76f9cea371c55ddff769ef688fdb74", [:rebar3], [], "hexpm", "4c25347de3b7c35732d32e69ab43d1ceee0beae3f3b3ade1b59cbd3dd224d9ca"},
  "quic": {:hex, :quic, "1.8.2", "c315176d2c4fad0725e52f2a8033b96d01c4fecfc7e6a7333615ff10041142a5", [:rebar3], [], "hexpm", "274d2f41ee9c00d8d6415248df9fb5637381fe69b5387771dc37e91038a65479"},
  "quickrand": {:hex, :quickrand, "2.0.7", "d2bd76676a446e6a058d678444b7fda1387b813710d1af6d6e29bb92186c8820", [:rebar3], [], "hexpm", "b8acbf89a224bc217c3070ca8bebc6eb236dbe7f9767993b274084ea044d35f0"},
  "ssl_verify_fun": {:hex, :ssl_verify_fun, "1.1.7", "354c321cf377240c7b8716899e182ce4890c5938111a1296add3ec74cf1715df", [:make, :mix, :rebar3], [], "hexpm", "fe4c190e8f37401d30167c8c405eda19469f34577987c76dde613e838bbc67f8"},
  "termseal": {:hex, :termseal, "0.1.1", "c9d93d4ff638ee99f9377d3438fc7ad132d2901ebbaf10c54f8dea1d7e24d61c", [:rebar3], [], "hexpm", "466280936214af1894fc431642e83341b7d13580a3f3485820a2d300c5caeb49"},
  "unicode_util_compat": {:hex, :unicode_util_compat, "0.7.1", "a48703a25c170eedadca83b11e88985af08d35f37c6f664d6dcfb106a97782fc", [:rebar3], [], "hexpm", "b3a917854ce3ae233619744ad1e0102e05673136776fb2fa76234f3e03b23642"},
  "uuid": {:hex, :uuid_erl, "2.0.7", "b2078d2cc814f53afa52d36c91e08962c7e7373585c623f4c0ea6dfb04b2af94", [:rebar3], [{:quickrand, ">= 2.0.7", [hex: :quickrand, repo: "hexpm", optional: false]}], "hexpm", "4e4c5ca3461dc47c5e157ed42aa3981a053b7a186792af972a27b14a9489324e"},
  "webtransport": {:hex, :webtransport, "0.4.5", "0e387202bbe707389fe81373ef8c56faa9d5aa321bb4800fa4765ee7c1399785", [:rebar3], [{:h2, "~> 0.12", [hex: :h2, repo: "hexpm", optional: false]}, {:quic, "~> 1.8.0", [hex: :quic, repo: "hexpm", optional: false]}], "hexpm", "bcb512239e48e551d5bd5c667312a9a7de4f29b89d84b1d33c5af44e1f3f730d"},
}
